
Microsoft Visual Studio Solution File, Format Version 12.00
# Visual Studio Version 16
VisualStudioVersion = 16.0.30711.63
MinimumVisualStudioVersion = 10.0.40219.1
Project("{FAE04EC0-301F-11D3-BF4B-00C04F79EFBC}") = "trees", "trees.csproj", "{F1E8D276-6FCD-4E75-BC32-3317633E4232}"
EndProject
Global
	GlobalSection(SolutionConfigurationPlatforms) = preSolution
		Debug|Any CPU = Debug|Any CPU
		Release|Any CPU = Release|Any CPU
	EndGlobalSection
	GlobalSection(ProjectConfigurationPlatforms) = postSolution
		{F1E8D276-6FCD-4E75-BC32-3317633E4232}.Debug|Any CPU.ActiveCfg = Debug|Any CPU
		{F1E8D276-6FCD-4E75-BC32-3317633E4232}.Debug|Any CPU.Build.0 = Debug|Any CPU
		{F1E8D276-6FCD-4E75-BC32-3317633E4232}.Release|Any CPU.ActiveCfg = Release|Any CPU
		{F1E8D276-6FCD-4E75-BC32-3317633E4232}.Release|Any CPU.Build.0 = Release|Any CPU
	EndGlobalSection
	GlobalSection(SolutionProperties) = preSolution
		HideSolutionNode = FALSE
	EndGlobalSection
	GlobalSection(ExtensibilityGlobals) = postSolution
		SolutionGuid = {036643F1-7BC0-4C2E-925B-BE221D5CD120}
	EndGlobalSection
EndGlobal
